
Microsoft Visual Studio Solution File, Format Version 12.00
# Visual Studio Version 17
VisualStudioVersion = 17.11.35327.3
MinimumVisualStudioVersion = 10.0.40219.1
Project("{FAE04EC0-301F-11D3-BF4B-00C04F79EFBC}") = "ged", "ged.csproj", "{3CA71876-3BF8-4076-8E6B-E7D6FB4BAE1F}"
EndProject
Global
	GlobalSection(SolutionConfigurationPlatforms) = preSolution
		Debug|Any CPU = Debug|Any CPU
		Release|Any CPU = Release|Any CPU
	EndGlobalSection
	GlobalSection(ProjectConfigurationPlatforms) = postSolution
		{3CA71876-3BF8-4076-8E6B-E7D6FB4BAE1F}.Debug|Any CPU.ActiveCfg = Debug|Any CPU
		{3CA71876-3BF8-4076-8E6B-E7D6FB4BAE1F}.Debug|Any CPU.Build.0 = Debug|Any CPU
		{3CA71876-3BF8-4076-8E6B-E7D6FB4BAE1F}.Release|Any CPU.ActiveCfg = Release|Any CPU
		{3CA71876-3BF8-4076-8E6B-E7D6FB4BAE1F}.Release|Any CPU.Build.0 = Release|Any CPU
	EndGlobalSection
	GlobalSection(SolutionProperties) = preSolution
		HideSolutionNode = FALSE
	EndGlobalSection
	GlobalSection(ExtensibilityGlobals) = postSolution
		SolutionGuid = {6ADBE80D-6A9A-4F64-944C-621B72F069C3}
	EndGlobalSection
EndGlobal
